
Microsoft Visual Studio Solution File, Format Version 12.00
# Visual Studio Version 17
VisualStudioVersion = 17.10.35013.160
MinimumVisualStudioVersion = 10.0.40219.1
Project("{9A19103F-16F7-4668-BE54-9A1E7A4F7556}") = "RateLimiterWeb", "RateLimiterWeb.csproj", "{217150BA-BCD8-4A3D-8913-A68C9E01198A}"
EndProject
Project("{9A19103F-16F7-4668-BE54-9A1E7A4F7556}") = "UnitTests", "..\UnitTests\UnitTests.csproj", "{EF774F5C-3D71-437F-B5D4-7809083D055C}"
EndProject
Global
	GlobalSection(SolutionConfigurationPlatforms) = preSolution
		Debug|Any CPU = Debug|Any CPU
		Release|Any CPU = Release|Any CPU
	EndGlobalSection
	GlobalSection(ProjectConfigurationPlatforms) = postSolution
		{217150BA-BCD8-4A3D-8913-A68C9E01198A}.Debug|Any CPU.ActiveCfg = Debug|Any CPU
		{217150BA-BCD8-4A3D-8913-A68C9E01198A}.Debug|Any CPU.Build.0 = Debug|Any CPU
		{217150BA-BCD8-4A3D-8913-A68C9E01198A}.Release|Any CPU.ActiveCfg = Release|Any CPU
		{217150BA-BCD8-4A3D-8913-A68C9E01198A}.Release|Any CPU.Build.0 = Release|Any CPU
		{EF774F5C-3D71-437F-B5D4-7809083D055C}.Debug|Any CPU.ActiveCfg = Debug|Any CPU
		{EF774F5C-3D71-437F-B5D4-7809083D055C}.Debug|Any CPU.Build.0 = Debug|Any CPU
		{EF774F5C-3D71-437F-B5D4-7809083D055C}.Release|Any CPU.ActiveCfg = Release|Any CPU
		{EF774F5C-3D71-437F-B5D4-7809083D055C}.Release|Any CPU.Build.0 = Release|Any CPU
	EndGlobalSection
	GlobalSection(SolutionProperties) = preSolution
		HideSolutionNode = FALSE
	EndGlobalSection
	GlobalSection(ExtensibilityGlobals) = postSolution
		SolutionGuid = {BE2AD3AE-04DC-45D9-97B2-E335809A4580}
	EndGlobalSection
EndGlobal
